{
  "requires": true,
  "lockfileVersion": 1,
  "dependencies": {
    "jquery-ujs": {
      "version": "1.2.3",
      "resolved": "https://registry.npmjs.org/jquery-ujs/-/jquery-ujs-1.2.3.tgz",
      "integrity": "sha512-59wvfx5vcCTHMeQT1/OwFiAj+UffLIwjRIoXdpO7Z7BCFGepzq9T9oLVeoItjTqjoXfUrHJvV7QU6pUR+UzOoA=="
    }
  }
}
